{
  "name": "kampania-world",
  "lockfileVersion": 3,
  "requires": true,
  "packages": {
    "": {
      "name": "kampania-world",
      "dependencies": {
        "@anthropic-ai/sdk": "^0.129.0"
      },
      "devDependencies": {
        "@types/node": "^24.19.0",
        "typescript": "^5.9.3"
      }
    },
    "node_modules/@anthropic-ai/sdk": {
      "version": "0.129.0",
      "resolved": "https://ms-feed-25.pkgs.visualstudio.com/1es-public/_packaging/npm-public/npm/registry/@anthropic-ai/sdk/-/sdk-0.129.0.tgz",
      "integrity": "sha512-MH7LB20kNpGLUpPTe2OG5XvL/KhX8HUO9XyBaFjgFk6TLS4Xjt0VPIuMKywe7POKKPslX+QxSlVok9e+8kG5Nw==",
      "license": "MIT",
      "dependencies": {
        "json-schema-to-ts": "^3.1.1",
        "standardwebhooks": "^1.0.0"
      },
      "bin": {
        "anthropic-ai-sdk": "bin/cli"
      },
      "peerDependencies": {
        "zod": "^3.25.0 || ^4.0.0"
      },
      "peerDependenciesMeta": {
        "zod": {
          "optional": true
        }
      }
    },
    "node_modules/@babel/runtime": {
      "version": "7.29.7",
      "resolved": "https://ms-feed-25.pkgs.visualstudio.com/1es-public/_packaging/npm-public/npm/registry/@babel/runtime/-/runtime-7.29.7.tgz",
      "integrity": "sha1-EgIkUMRaTabY2Ch7GKT/Ldsj92g=",
      "license": "MIT",
      "engines": {
        "node": ">=6.9.0"
      }
    },
    "node_modules/@stablelib/base64": {
      "version": "1.0.1",
      "resolved": "https://ms-feed-25.pkgs.visualstudio.com/1es-public/_packaging/npm-public/npm/registry/@stablelib/base64/-/base64-1.0.1.tgz",
      "integrity": "sha1-vfwcbTpi16O3u8ZbbM4btFYWQb4=",
      "license": "MIT"
    },
    "node_modules/@types/node": {
      "version": "24.19.0",
      "resolved": "https://ms-feed-25.pkgs.visualstudio.com/1es-public/_packaging/npm-public/npm/registry/@types/node/-/node-24.19.0.tgz",
      "integrity": "sha512-zY+5tKxXdhGh1PYI0ac+7juvEu4OI6vWtVVoj5i2m42jxAY1U+zHGt6QCyOFwykdP62sM3MJ9stoYYUw5aCWew==",
      "dev": true,
      "license": "MIT",
      "dependencies": {
        "undici-types": ">=7.24.0 <7.24.7"
      }
    },
    "node_modules/fast-sha256": {
      "version": "1.3.0",
      "resolved": "https://ms-feed-25.pkgs.visualstudio.com/1es-public/_packaging/npm-public/npm/registry/fast-sha256/-/fast-sha256-1.3.0.tgz",
      "integrity": "sha1-eRa6IFTuslWYJgjMzQ9mYMebeuY=",
      "license": "Unlicense"
    },
    "node_modules/json-schema-to-ts": {
      "version": "3.1.1",
      "resolved": "https://ms-feed-25.pkgs.visualstudio.com/1es-public/_packaging/npm-public/npm/registry/json-schema-to-ts/-/json-schema-to-ts-3.1.1.tgz",
      "integrity": "sha1-gfOsr1o0c2SS9vX1GHDvns4cqFM=",
      "license": "MIT",
      "dependencies": {
        "@babel/runtime": "^7.18.3",
        "ts-algebra": "^2.0.0"
      },
      "engines": {
        "node": ">=16"
      }
    },
    "node_modules/standardwebhooks": {
      "version": "1.1.1",
      "resolved": "https://ms-feed-25.pkgs.visualstudio.com/1es-public/_packaging/npm-public/npm/registry/standardwebhooks/-/standardwebhooks-1.1.1.tgz",
      "integrity": "sha1-JbmPorvk7a17QneBNckjVj49Xi8=",
      "license": "MIT",
      "dependencies": {
        "@stablelib/base64": "^1.0.0",
        "fast-sha256": "^1.3.0"
      }
    },
    "node_modules/ts-algebra": {
      "version": "2.0.0",
      "resolved": "https://ms-feed-25.pkgs.visualstudio.com/1es-public/_packaging/npm-public/npm/registry/ts-algebra/-/ts-algebra-2.0.0.tgz",
      "integrity": "sha1-Tj4JU4ePJlGPzn9rsRUGSmU4i3o=",
      "license": "MIT"
    },
    "node_modules/typescript": {
      "version": "5.9.3",
      "resolved": "https://ms-feed-25.pkgs.visualstudio.com/1es-public/_packaging/npm-public/npm/registry/typescript/-/typescript-5.9.3.tgz",
      "integrity": "sha1-W09Z4VMQqxeiFvXWz1PuR27eZw8=",
      "dev": true,
      "license": "Apache-2.0",
      "bin": {
        "tsc": "bin/tsc",
        "tsserver": "bin/tsserver"
      },
      "engines": {
        "node": ">=14.17"
      }
    },
    "node_modules/undici-types": {
      "version": "7.24.6",
      "resolved": "https://ms-feed-25.pkgs.visualstudio.com/1es-public/_packaging/npm-public/npm/registry/undici-types/-/undici-types-7.24.6.tgz",
      "integrity": "sha1-YSdbSF1/1OnSacfPBOwoc8nMD5E=",
      "dev": true,
      "license": "MIT"
    }
  }
}
